{
  "object": {
    "pins": [
      {
        "package": "RevoFoundation",
        "repositoryURL": "https://github.com/revosystems/foundation.git",
        "state": {
          "branch": null,
          "revision": "b4f40362a29cad49f99194e9565ffc3507248306",
          "version": "0.3.13"
        }
      },
      {
        "package": "RevoValidation",
        "repositoryURL": "https://github.com/revosystems/RevoValidation.git",
        "state": {
          "branch": null,
          "revision": "88626b956db2af49d0e0bc05c5794152581cba0b",
          "version": "1.1.0"
        }
      }
    ]
  },
  "version": 1
}
