// !$*UTF8*$!
{
	archiveVersion = 1;
	classes = {
	};
	objectVersion = 55;
	objects = {

/* Begin PBXBuildFile section */
		2F58E5CFDE57CD4BD554B4B6 /* Pods_formsTests.framework in Frameworks */ = {isa = PBXBuildFile; fileRef = 8C2B9105FBE45451C5FA56E8 /* Pods_formsTests.framework */; };
		5F94A020BF06577AE4325152 /* Pods_forms_formsUITests.framework in Frameworks */ = {isa = PBXBuildFile; fileRef = 601B168C1B0A790D289BB112 /* Pods_forms_formsUITests.framework */; };
		88B247A72901C94AF7CBF9DE /* Pods_forms.framework in Frameworks */ = {isa = PBXBuildFile; fileRef = 7DEA5CC9E9653D3D480BFD10 /* Pods_forms.framework */; };
		BBE99DB72783447700726E21 /* SelectRow.swift in Sources */ = {isa = PBXBuildFile; fileRef = BBE99DB62783447700726E21 /* SelectRow.swift */; };
		BBE99DBA278345CA00726E21 /* SelectController.swift in Sources */ = {isa = PBXBuildFile; fileRef = BBE99DB9278345CA00726E21 /* SelectController.swift */; };
		BBE99DBC278348FA00726E21 /* TextAreaRow.swift in Sources */ = {isa = PBXBuildFile; fileRef = BBE99DBB278348FA00726E21 /* TextAreaRow.swift */; };
		BBE99DBE278355D200726E21 /* InfoRow.swift in Sources */ = {isa = PBXBuildFile; fileRef = BBE99DBD278355D200726E21 /* InfoRow.swift */; };
		EA1D93CA2784633800786B8A /* SelectDictRow.swift in Sources */ = {isa = PBXBuildFile; fileRef = EA1D93C92784633800786B8A /* SelectDictRow.swift */; };
		EACEC523278597C600B1FF01 /* SelectEnumRow.swift in Sources */ = {isa = PBXBuildFile; fileRef = EACEC522278597C600B1FF01 /* SelectEnumRow.swift */; };
		EAD43CF8278ED06D009C5E06 /* NumberRow.swift in Sources */ = {isa = PBXBuildFile; fileRef = EAD43CF7278ED06D009C5E06 /* NumberRow.swift */; };
		EAD43CFA279018DF009C5E06 /* InnerSectionsRow.swift in Sources */ = {isa = PBXBuildFile; fileRef = EAD43CF9279018DF009C5E06 /* InnerSectionsRow.swift */; };
		EADAD9BF278D76F6004633D6 /* SecondViewController.swift in Sources */ = {isa = PBXBuildFile; fileRef = EADAD9BE278D76F6004633D6 /* SecondViewController.swift */; };
		EADAD9C1278D7730004633D6 /* ControllerRow.swift in Sources */ = {isa = PBXBuildFile; fileRef = EADAD9C0278D7730004633D6 /* ControllerRow.swift */; };
		EAE7438327830F8500BB58E4 /* AppDelegate.swift in Sources */ = {isa = PBXBuildFile; fileRef = EAE7438227830F8500BB58E4 /* AppDelegate.swift */; };
		EAE7438527830F8500BB58E4 /* SceneDelegate.swift in Sources */ = {isa = PBXBuildFile; fileRef = EAE7438427830F8500BB58E4 /* SceneDelegate.swift */; };
		EAE7438727830F8500BB58E4 /* ViewController.swift in Sources */ = {isa = PBXBuildFile; fileRef = EAE7438627830F8500BB58E4 /* ViewController.swift */; };
		EAE7438A27830F8500BB58E4 /* Main.storyboard in Resources */ = {isa = PBXBuildFile; fileRef = EAE7438827830F8500BB58E4 /* Main.storyboard */; };
		EAE7438C27830F8600BB58E4 /* Assets.xcassets in Resources */ = {isa = PBXBuildFile; fileRef = EAE7438B27830F8600BB58E4 /* Assets.xcassets */; };
		EAE7438F27830F8600BB58E4 /* LaunchScreen.storyboard in Resources */ = {isa = PBXBuildFile; fileRef = EAE7438D27830F8600BB58E4 /* LaunchScreen.storyboard */; };
		EAE7439A27830F8600BB58E4 /* formsTests.swift in Sources */ = {isa = PBXBuildFile; fileRef = EAE7439927830F8600BB58E4 /* formsTests.swift */; };
		EAE743A427830F8600BB58E4 /* formsUITests.swift in Sources */ = {isa = PBXBuildFile; fileRef = EAE743A327830F8600BB58E4 /* formsUITests.swift */; };
		EAE743A627830F8600BB58E4 /* formsUITestsLaunchTests.swift in Sources */ = {isa = PBXBuildFile; fileRef = EAE743A527830F8600BB58E4 /* formsUITestsLaunchTests.swift */; };
		EAE743B427830F9700BB58E4 /* FormViewController.swift in Sources */ = {isa = PBXBuildFile; fileRef = EAE743B327830F9700BB58E4 /* FormViewController.swift */; };
		EAE743B727830FB100BB58E4 /* Section.swift in Sources */ = {isa = PBXBuildFile; fileRef = EAE743B627830FB100BB58E4 /* Section.swift */; };
		EAE743B927830FB600BB58E4 /* Row.swift in Sources */ = {isa = PBXBuildFile; fileRef = EAE743B827830FB600BB58E4 /* Row.swift */; };
		EAE743BC2783111200BB58E4 /* TextRow.swift in Sources */ = {isa = PBXBuildFile; fileRef = EAE743BB2783111200BB58E4 /* TextRow.swift */; };
		EAE743BF2783123000BB58E4 /* FormCell.swift in Sources */ = {isa = PBXBuildFile; fileRef = EAE743BE2783123000BB58E4 /* FormCell.swift */; };
		EAE743C1278315DD00BB58E4 /* FormAppearance.swift in Sources */ = {isa = PBXBuildFile; fileRef = EAE743C0278315DD00BB58E4 /* FormAppearance.swift */; };
		EAE743C327831CD300BB58E4 /* SwitchRow.swift in Sources */ = {isa = PBXBuildFile; fileRef = EAE743C227831CD300BB58E4 /* SwitchRow.swift */; };
		EAE743C527831DDF00BB58E4 /* CheckmarkSelectRow.swift in Sources */ = {isa = PBXBuildFile; fileRef = EAE743C427831DDF00BB58E4 /* CheckmarkSelectRow.swift */; };
		EAE743C7278321DF00BB58E4 /* StepperRow.swift in Sources */ = {isa = PBXBuildFile; fileRef = EAE743C6278321DF00BB58E4 /* StepperRow.swift */; };
/* End PBXBuildFile section */

/* Begin PBXContainerItemProxy section */
		EAE7439627830F8600BB58E4 /* PBXContainerItemProxy */ = {
			isa = PBXContainerItemProxy;
			containerPortal = EAE7437727830F8500BB58E4 /* Project object */;
			proxyType = 1;
			remoteGlobalIDString = EAE7437E27830F8500BB58E4;
			remoteInfo = forms;
		};
		EAE743A027830F8600BB58E4 /* PBXContainerItemProxy */ = {
			isa = PBXContainerItemProxy;
			containerPortal = EAE7437727830F8500BB58E4 /* Project object */;
			proxyType = 1;
			remoteGlobalIDString = EAE7437E27830F8500BB58E4;
			remoteInfo = forms;
		};
/* End PBXContainerItemProxy section */

/* Begin PBXFileReference section */
		43767411489E64CB079B88CD /* Pods-formsTests.debug.xcconfig */ = {isa = PBXFileReference; includeInIndex = 1; lastKnownFileType = text.xcconfig; name = "Pods-formsTests.debug.xcconfig"; path = "Target Support Files/Pods-formsTests/Pods-formsTests.debug.xcconfig"; sourceTree = "<group>"; };
		601B168C1B0A790D289BB112 /* Pods_forms_formsUITests.framework */ = {isa = PBXFileReference; explicitFileType = wrapper.framework; includeInIndex = 0; path = Pods_forms_formsUITests.framework; sourceTree = BUILT_PRODUCTS_DIR; };
		7D509D32E4C4F5003CE8A492 /* Pods-forms.release.xcconfig */ = {isa = PBXFileReference; includeInIndex = 1; lastKnownFileType = text.xcconfig; name = "Pods-forms.release.xcconfig"; path = "Target Support Files/Pods-forms/Pods-forms.release.xcconfig"; sourceTree = "<group>"; };
		7DEA5CC9E9653D3D480BFD10 /* Pods_forms.framework */ = {isa = PBXFileReference; explicitFileType = wrapper.framework; includeInIndex = 0; path = Pods_forms.framework; sourceTree = BUILT_PRODUCTS_DIR; };
		8C2B9105FBE45451C5FA56E8 /* Pods_formsTests.framework */ = {isa = PBXFileReference; explicitFileType = wrapper.framework; includeInIndex = 0; path = Pods_formsTests.framework; sourceTree = BUILT_PRODUCTS_DIR; };
		AA101E0D3F80F723F8607E1C /* Pods-forms-formsUITests.debug.xcconfig */ = {isa = PBXFileReference; includeInIndex = 1; lastKnownFileType = text.xcconfig; name = "Pods-forms-formsUITests.debug.xcconfig"; path = "Target Support Files/Pods-forms-formsUITests/Pods-forms-formsUITests.debug.xcconfig"; sourceTree = "<group>"; };
		AECE4FD8412D0163A35C42F5 /* Pods-forms-formsUITests.release.xcconfig */ = {isa = PBXFileReference; includeInIndex = 1; lastKnownFileType = text.xcconfig; name = "Pods-forms-formsUITests.release.xcconfig"; path = "Target Support Files/Pods-forms-formsUITests/Pods-forms-formsUITests.release.xcconfig"; sourceTree = "<group>"; };
		B26C15F64F46F14BF58F6ACC /* Pods-forms.debug.xcconfig */ = {isa = PBXFileReference; includeInIndex = 1; lastKnownFileType = text.xcconfig; name = "Pods-forms.debug.xcconfig"; path = "Target Support Files/Pods-forms/Pods-forms.debug.xcconfig"; sourceTree = "<group>"; };
		BBE99DB62783447700726E21 /* SelectRow.swift */ = {isa = PBXFileReference; lastKnownFileType = sourcecode.swift; path = SelectRow.swift; sourceTree = "<group>"; };
		BBE99DB9278345CA00726E21 /* SelectController.swift */ = {isa = PBXFileReference; lastKnownFileType = sourcecode.swift; path = SelectController.swift; sourceTree = "<group>"; };
		BBE99DBB278348FA00726E21 /* TextAreaRow.swift */ = {isa = PBXFileReference; lastKnownFileType = sourcecode.swift; path = TextAreaRow.swift; sourceTree = "<group>"; };
		BBE99DBD278355D200726E21 /* InfoRow.swift */ = {isa = PBXFileReference; lastKnownFileType = sourcecode.swift; path = InfoRow.swift; sourceTree = "<group>"; };
		E4E1965B3D51FA88F7C26602 /* Pods-formsTests.release.xcconfig */ = {isa = PBXFileReference; includeInIndex = 1; lastKnownFileType = text.xcconfig; name = "Pods-formsTests.release.xcconfig"; path = "Target Support Files/Pods-formsTests/Pods-formsTests.release.xcconfig"; sourceTree = "<group>"; };
		EA1D93C92784633800786B8A /* SelectDictRow.swift */ = {isa = PBXFileReference; lastKnownFileType = sourcecode.swift; path = SelectDictRow.swift; sourceTree = "<group>"; };
		EACEC522278597C600B1FF01 /* SelectEnumRow.swift */ = {isa = PBXFileReference; lastKnownFileType = sourcecode.swift; path = SelectEnumRow.swift; sourceTree = "<group>"; };
		EAD43CF7278ED06D009C5E06 /* NumberRow.swift */ = {isa = PBXFileReference; lastKnownFileType = sourcecode.swift; path = NumberRow.swift; sourceTree = "<group>"; };
		EAD43CF9279018DF009C5E06 /* InnerSectionsRow.swift */ = {isa = PBXFileReference; lastKnownFileType = sourcecode.swift; path = InnerSectionsRow.swift; sourceTree = "<group>"; };
		EADAD9BE278D76F6004633D6 /* SecondViewController.swift */ = {isa = PBXFileReference; lastKnownFileType = sourcecode.swift; path = SecondViewController.swift; sourceTree = "<group>"; };
		EADAD9C0278D7730004633D6 /* ControllerRow.swift */ = {isa = PBXFileReference; lastKnownFileType = sourcecode.swift; path = ControllerRow.swift; sourceTree = "<group>"; };
		EAE7437F27830F8500BB58E4 /* forms.app */ = {isa = PBXFileReference; explicitFileType = wrapper.application; includeInIndex = 0; path = forms.app; sourceTree = BUILT_PRODUCTS_DIR; };
		EAE7438227830F8500BB58E4 /* AppDelegate.swift */ = {isa = PBXFileReference; lastKnownFileType = sourcecode.swift; path = AppDelegate.swift; sourceTree = "<group>"; };
		EAE7438427830F8500BB58E4 /* SceneDelegate.swift */ = {isa = PBXFileReference; lastKnownFileType = sourcecode.swift; path = SceneDelegate.swift; sourceTree = "<group>"; };
		EAE7438627830F8500BB58E4 /* ViewController.swift */ = {isa = PBXFileReference; lastKnownFileType = sourcecode.swift; path = ViewController.swift; sourceTree = "<group>"; };
		EAE7438927830F8500BB58E4 /* Base */ = {isa = PBXFileReference; lastKnownFileType = file.storyboard; name = Base; path = Base.lproj/Main.storyboard; sourceTree = "<group>"; };
		EAE7438B27830F8600BB58E4 /* Assets.xcassets */ = {isa = PBXFileReference; lastKnownFileType = folder.assetcatalog; path = Assets.xcassets; sourceTree = "<group>"; };
		EAE7438E27830F8600BB58E4 /* Base */ = {isa = PBXFileReference; lastKnownFileType = file.storyboard; name = Base; path = Base.lproj/LaunchScreen.storyboard; sourceTree = "<group>"; };
		EAE7439027830F8600BB58E4 /* Info.plist */ = {isa = PBXFileReference; lastKnownFileType = text.plist.xml; path = Info.plist; sourceTree = "<group>"; };
		EAE7439527830F8600BB58E4 /* formsTests.xctest */ = {isa = PBXFileReference; explicitFileType = wrapper.cfbundle; includeInIndex = 0; path = formsTests.xctest; sourceTree = BUILT_PRODUCTS_DIR; };
		EAE7439927830F8600BB58E4 /* formsTests.swift */ = {isa = PBXFileReference; lastKnownFileType = sourcecode.swift; path = formsTests.swift; sourceTree = "<group>"; };
		EAE7439F27830F8600BB58E4 /* formsUITests.xctest */ = {isa = PBXFileReference; explicitFileType = wrapper.cfbundle; includeInIndex = 0; path = formsUITests.xctest; sourceTree = BUILT_PRODUCTS_DIR; };
		EAE743A327830F8600BB58E4 /* formsUITests.swift */ = {isa = PBXFileReference; lastKnownFileType = sourcecode.swift; path = formsUITests.swift; sourceTree = "<group>"; };
		EAE743A527830F8600BB58E4 /* formsUITestsLaunchTests.swift */ = {isa = PBXFileReference; lastKnownFileType = sourcecode.swift; path = formsUITestsLaunchTests.swift; sourceTree = "<group>"; };
		EAE743B327830F9700BB58E4 /* FormViewController.swift */ = {isa = PBXFileReference; lastKnownFileType = sourcecode.swift; path = FormViewController.swift; sourceTree = "<group>"; };
		EAE743B627830FB100BB58E4 /* Section.swift */ = {isa = PBXFileReference; lastKnownFileType = sourcecode.swift; path = Section.swift; sourceTree = "<group>"; };
		EAE743B827830FB600BB58E4 /* Row.swift */ = {isa = PBXFileReference; lastKnownFileType = sourcecode.swift; path = Row.swift; sourceTree = "<group>"; };
		EAE743BB2783111200BB58E4 /* TextRow.swift */ = {isa = PBXFileReference; lastKnownFileType = sourcecode.swift; path = TextRow.swift; sourceTree = "<group>"; };
		EAE743BE2783123000BB58E4 /* FormCell.swift */ = {isa = PBXFileReference; lastKnownFileType = sourcecode.swift; path = FormCell.swift; sourceTree = "<group>"; };
		EAE743C0278315DD00BB58E4 /* FormAppearance.swift */ = {isa = PBXFileReference; lastKnownFileType = sourcecode.swift; path = FormAppearance.swift; sourceTree = "<group>"; };
		EAE743C227831CD300BB58E4 /* SwitchRow.swift */ = {isa = PBXFileReference; lastKnownFileType = sourcecode.swift; path = SwitchRow.swift; sourceTree = "<group>"; };
		EAE743C427831DDF00BB58E4 /* CheckmarkSelectRow.swift */ = {isa = PBXFileReference; lastKnownFileType = sourcecode.swift; path = CheckmarkSelectRow.swift; sourceTree = "<group>"; };
		EAE743C6278321DF00BB58E4 /* StepperRow.swift */ = {isa = PBXFileReference; lastKnownFileType = sourcecode.swift; path = StepperRow.swift; sourceTree = "<group>"; };
/* End PBXFileReference section */

/* Begin PBXFrameworksBuildPhase section */
		EAE7437C27830F8500BB58E4 /* Frameworks */ = {
			isa = PBXFrameworksBuildPhase;
			buildActionMask = 2147483647;
			files = (
				88B247A72901C94AF7CBF9DE /* Pods_forms.framework in Frameworks */,
			);
			runOnlyForDeploymentPostprocessing = 0;
		};
		EAE7439227830F8600BB58E4 /* Frameworks */ = {
			isa = PBXFrameworksBuildPhase;
			buildActionMask = 2147483647;
			files = (
				2F58E5CFDE57CD4BD554B4B6 /* Pods_formsTests.framework in Frameworks */,
			);
			runOnlyForDeploymentPostprocessing = 0;
		};
		EAE7439C27830F8600BB58E4 /* Frameworks */ = {
			isa = PBXFrameworksBuildPhase;
			buildActionMask = 2147483647;
			files = (
				5F94A020BF06577AE4325152 /* Pods_forms_formsUITests.framework in Frameworks */,
			);
			runOnlyForDeploymentPostprocessing = 0;
		};
/* End PBXFrameworksBuildPhase section */

/* Begin PBXGroup section */
		000490522A1DF472B242FBF3 /* Pods */ = {
			isa = PBXGroup;
			children = (
				B26C15F64F46F14BF58F6ACC /* Pods-forms.debug.xcconfig */,
				7D509D32E4C4F5003CE8A492 /* Pods-forms.release.xcconfig */,
				AA101E0D3F80F723F8607E1C /* Pods-forms-formsUITests.debug.xcconfig */,
				AECE4FD8412D0163A35C42F5 /* Pods-forms-formsUITests.release.xcconfig */,
				43767411489E64CB079B88CD /* Pods-formsTests.debug.xcconfig */,
				E4E1965B3D51FA88F7C26602 /* Pods-formsTests.release.xcconfig */,
			);
			path = Pods;
			sourceTree = "<group>";
		};
		2797F76884147B415FE567A2 /* Frameworks */ = {
			isa = PBXGroup;
			children = (
				7DEA5CC9E9653D3D480BFD10 /* Pods_forms.framework */,
				601B168C1B0A790D289BB112 /* Pods_forms_formsUITests.framework */,
				8C2B9105FBE45451C5FA56E8 /* Pods_formsTests.framework */,
			);
			name = Frameworks;
			sourceTree = "<group>";
		};
		BBE99DB8278345C000726E21 /* Controllers */ = {
			isa = PBXGroup;
			children = (
				EAE743B327830F9700BB58E4 /* FormViewController.swift */,
				BBE99DB9278345CA00726E21 /* SelectController.swift */,
			);
			path = Controllers;
			sourceTree = "<group>";
		};
		EAE7437627830F8500BB58E4 = {
			isa = PBXGroup;
			children = (
				EAE7438127830F8500BB58E4 /* forms */,
				EAE7439827830F8600BB58E4 /* formsTests */,
				EAE743A227830F8600BB58E4 /* formsUITests */,
				EAE7438027830F8500BB58E4 /* Products */,
				000490522A1DF472B242FBF3 /* Pods */,
				2797F76884147B415FE567A2 /* Frameworks */,
			);
			sourceTree = "<group>";
		};
		EAE7438027830F8500BB58E4 /* Products */ = {
			isa = PBXGroup;
			children = (
				EAE7437F27830F8500BB58E4 /* forms.app */,
				EAE7439527830F8600BB58E4 /* formsTests.xctest */,
				EAE7439F27830F8600BB58E4 /* formsUITests.xctest */,
			);
			name = Products;
			sourceTree = "<group>";
		};
		EAE7438127830F8500BB58E4 /* forms */ = {
			isa = PBXGroup;
			children = (
				EAE743B227830F8D00BB58E4 /* lib */,
				EAE7438227830F8500BB58E4 /* AppDelegate.swift */,
				EAE7438427830F8500BB58E4 /* SceneDelegate.swift */,
				EAE7438627830F8500BB58E4 /* ViewController.swift */,
				EAE7438827830F8500BB58E4 /* Main.storyboard */,
				EAE7438B27830F8600BB58E4 /* Assets.xcassets */,
				EAE7438D27830F8600BB58E4 /* LaunchScreen.storyboard */,
				EAE7439027830F8600BB58E4 /* Info.plist */,
			);
			path = forms;
			sourceTree = "<group>";
		};
		EAE7439827830F8600BB58E4 /* formsTests */ = {
			isa = PBXGroup;
			children = (
				EAE7439927830F8600BB58E4 /* formsTests.swift */,
			);
			path = formsTests;
			sourceTree = "<group>";
		};
		EAE743A227830F8600BB58E4 /* formsUITests */ = {
			isa = PBXGroup;
			children = (
				EAE743A327830F8600BB58E4 /* formsUITests.swift */,
				EAE743A527830F8600BB58E4 /* formsUITestsLaunchTests.swift */,
			);
			path = formsUITests;
			sourceTree = "<group>";
		};
		EAE743B227830F8D00BB58E4 /* lib */ = {
			isa = PBXGroup;
			children = (
				BBE99DB8278345C000726E21 /* Controllers */,
				EAE743C0278315DD00BB58E4 /* FormAppearance.swift */,
				EAE743B627830FB100BB58E4 /* Section.swift */,
				EAE743BD2783122600BB58E4 /* Cells */,
				EAE743BA2783110700BB58E4 /* Rows */,
				EADAD9BE278D76F6004633D6 /* SecondViewController.swift */,
			);
			path = lib;
			sourceTree = "<group>";
		};
		EAE743BA2783110700BB58E4 /* Rows */ = {
			isa = PBXGroup;
			children = (
				EAE743B827830FB600BB58E4 /* Row.swift */,
				EAE743BB2783111200BB58E4 /* TextRow.swift */,
				EAE743C227831CD300BB58E4 /* SwitchRow.swift */,
				EAE743C427831DDF00BB58E4 /* CheckmarkSelectRow.swift */,
				EAE743C6278321DF00BB58E4 /* StepperRow.swift */,
				BBE99DB62783447700726E21 /* SelectRow.swift */,
				BBE99DBB278348FA00726E21 /* TextAreaRow.swift */,
				BBE99DBD278355D200726E21 /* InfoRow.swift */,
				EA1D93C92784633800786B8A /* SelectDictRow.swift */,
				EACEC522278597C600B1FF01 /* SelectEnumRow.swift */,
				EADAD9C0278D7730004633D6 /* ControllerRow.swift */,
				EAD43CF7278ED06D009C5E06 /* NumberRow.swift */,
				EAD43CF9279018DF009C5E06 /* InnerSectionsRow.swift */,
			);
			path = Rows;
			sourceTree = "<group>";
		};
		EAE743BD2783122600BB58E4 /* Cells */ = {
			isa = PBXGroup;
			children = (
				EAE743BE2783123000BB58E4 /* FormCell.swift */,
			);
			path = Cells;
			sourceTree = "<group>";
		};
/* End PBXGroup section */

/* Begin PBXNativeTarget section */
		EAE7437E27830F8500BB58E4 /* forms */ = {
			isa = PBXNativeTarget;
			buildConfigurationList = EAE743A927830F8600BB58E4 /* Build configuration list for PBXNativeTarget "forms" */;
			buildPhases = (
				6D0500162DE827E90C9372D0 /* [CP] Check Pods Manifest.lock */,
				EAE7437B27830F8500BB58E4 /* Sources */,
				EAE7437C27830F8500BB58E4 /* Frameworks */,
				EAE7437D27830F8500BB58E4 /* Resources */,
				1BE14160E9DB671B9ABEC7AE /* [CP] Embed Pods Frameworks */,
			);
			buildRules = (
			);
			dependencies = (
			);
			name = forms;
			productName = forms;
			productReference = EAE7437F27830F8500BB58E4 /* forms.app */;
			productType = "com.apple.product-type.application";
		};
		EAE7439427830F8600BB58E4 /* formsTests */ = {
			isa = PBXNativeTarget;
			buildConfigurationList = EAE743AC27830F8600BB58E4 /* Build configuration list for PBXNativeTarget "formsTests" */;
			buildPhases = (
				077059BD0F9C9F6CF2768FFB /* [CP] Check Pods Manifest.lock */,
				EAE7439127830F8600BB58E4 /* Sources */,
				EAE7439227830F8600BB58E4 /* Frameworks */,
				EAE7439327830F8600BB58E4 /* Resources */,
			);
			buildRules = (
			);
			dependencies = (
				EAE7439727830F8600BB58E4 /* PBXTargetDependency */,
			);
			name = formsTests;
			productName = formsTests;
			productReference = EAE7439527830F8600BB58E4 /* formsTests.xctest */;
			productType = "com.apple.product-type.bundle.unit-test";
		};
		EAE7439E27830F8600BB58E4 /* formsUITests */ = {
			isa = PBXNativeTarget;
			buildConfigurationList = EAE743AF27830F8600BB58E4 /* Build configuration list for PBXNativeTarget "formsUITests" */;
			buildPhases = (
				DB23C99A2ED5747654875670 /* [CP] Check Pods Manifest.lock */,
				EAE7439B27830F8600BB58E4 /* Sources */,
				EAE7439C27830F8600BB58E4 /* Frameworks */,
				EAE7439D27830F8600BB58E4 /* Resources */,
				0FCC88B90CB65B2CF5BD4F7E /* [CP] Embed Pods Frameworks */,
			);
			buildRules = (
			);
			dependencies = (
				EAE743A127830F8600BB58E4 /* PBXTargetDependency */,
			);
			name = formsUITests;
			productName = formsUITests;
			productReference = EAE7439F27830F8600BB58E4 /* formsUITests.xctest */;
			productType = "com.apple.product-type.bundle.ui-testing";
		};
/* End PBXNativeTarget section */

/* Begin PBXProject section */
		EAE7437727830F8500BB58E4 /* Project object */ = {
			isa = PBXProject;
			attributes = {
				BuildIndependentTargetsInParallel = 1;
				LastSwiftUpdateCheck = 1320;
				LastUpgradeCheck = 1320;
				TargetAttributes = {
					EAE7437E27830F8500BB58E4 = {
						CreatedOnToolsVersion = 13.2.1;
					};
					EAE7439427830F8600BB58E4 = {
						CreatedOnToolsVersion = 13.2.1;
						TestTargetID = EAE7437E27830F8500BB58E4;
					};
					EAE7439E27830F8600BB58E4 = {
						CreatedOnToolsVersion = 13.2.1;
						TestTargetID = EAE7437E27830F8500BB58E4;
					};
				};
			};
			buildConfigurationList = EAE7437A27830F8500BB58E4 /* Build configuration list for PBXProject "forms" */;
			compatibilityVersion = "Xcode 13.0";
			developmentRegion = en;
			hasScannedForEncodings = 0;
			knownRegions = (
				en,
				Base,
			);
			mainGroup = EAE7437627830F8500BB58E4;
			productRefGroup = EAE7438027830F8500BB58E4 /* Products */;
			projectDirPath = "";
			projectRoot = "";
			targets = (
				EAE7437E27830F8500BB58E4 /* forms */,
				EAE7439427830F8600BB58E4 /* formsTests */,
				EAE7439E27830F8600BB58E4 /* formsUITests */,
			);
		};
/* End PBXProject section */

/* Begin PBXResourcesBuildPhase section */
		EAE7437D27830F8500BB58E4 /* Resources */ = {
			isa = PBXResourcesBuildPhase;
			buildActionMask = 2147483647;
			files = (
				EAE7438F27830F8600BB58E4 /* LaunchScreen.storyboard in Resources */,
				EAE7438C27830F8600BB58E4 /* Assets.xcassets in Resources */,
				EAE7438A27830F8500BB58E4 /* Main.storyboard in Resources */,
			);
			runOnlyForDeploymentPostprocessing = 0;
		};
		EAE7439327830F8600BB58E4 /* Resources */ = {
			isa = PBXResourcesBuildPhase;
			buildActionMask = 2147483647;
			files = (
			);
			runOnlyForDeploymentPostprocessing = 0;
		};
		EAE7439D27830F8600BB58E4 /* Resources */ = {
			isa = PBXResourcesBuildPhase;
			buildActionMask = 2147483647;
			files = (
			);
			runOnlyForDeploymentPostprocessing = 0;
		};
/* End PBXResourcesBuildPhase section */

/* Begin PBXShellScriptBuildPhase section */
		077059BD0F9C9F6CF2768FFB /* [CP] Check Pods Manifest.lock */ = {
			isa = PBXShellScriptBuildPhase;
			buildActionMask = 2147483647;
			files = (
			);
			inputFileListPaths = (
			);
			inputPaths = (
				"${PODS_PODFILE_DIR_PATH}/Podfile.lock",
				"${PODS_ROOT}/Manifest.lock",
			);
			name = "[CP] Check Pods Manifest.lock";
			outputFileListPaths = (
			);
			outputPaths = (
				"$(DERIVED_FILE_DIR)/Pods-formsTests-checkManifestLockResult.txt",
			);
			runOnlyForDeploymentPostprocessing = 0;
			shellPath = /bin/sh;
			shellScript = "diff \"${PODS_PODFILE_DIR_PATH}/Podfile.lock\" \"${PODS_ROOT}/Manifest.lock\" > /dev/null\nif [ $? != 0 ] ; then\n    # print error to STDERR\n    echo \"error: The sandbox is not in sync with the Podfile.lock. Run 'pod install' or update your CocoaPods installation.\" >&2\n    exit 1\nfi\n# This output is used by Xcode 'outputs' to avoid re-running this script phase.\necho \"SUCCESS\" > \"${SCRIPT_OUTPUT_FILE_0}\"\n";
			showEnvVarsInLog = 0;
		};
		0FCC88B90CB65B2CF5BD4F7E /* [CP] Embed Pods Frameworks */ = {
			isa = PBXShellScriptBuildPhase;
			buildActionMask = 2147483647;
			files = (
			);
			inputFileListPaths = (
				"${PODS_ROOT}/Target Support Files/Pods-forms-formsUITests/Pods-forms-formsUITests-frameworks-${CONFIGURATION}-input-files.xcfilelist",
			);
			name = "[CP] Embed Pods Frameworks";
			outputFileListPaths = (
				"${PODS_ROOT}/Target Support Files/Pods-forms-formsUITests/Pods-forms-formsUITests-frameworks-${CONFIGURATION}-output-files.xcfilelist",
			);
			runOnlyForDeploymentPostprocessing = 0;
			shellPath = /bin/sh;
			shellScript = "\"${PODS_ROOT}/Target Support Files/Pods-forms-formsUITests/Pods-forms-formsUITests-frameworks.sh\"\n";
			showEnvVarsInLog = 0;
		};
		1BE14160E9DB671B9ABEC7AE /* [CP] Embed Pods Frameworks */ = {
			isa = PBXShellScriptBuildPhase;
			buildActionMask = 2147483647;
			files = (
			);
			inputFileListPaths = (
				"${PODS_ROOT}/Target Support Files/Pods-forms/Pods-forms-frameworks-${CONFIGURATION}-input-files.xcfilelist",
			);
			name = "[CP] Embed Pods Frameworks";
			outputFileListPaths = (
				"${PODS_ROOT}/Target Support Files/Pods-forms/Pods-forms-frameworks-${CONFIGURATION}-output-files.xcfilelist",
			);
			runOnlyForDeploymentPostprocessing = 0;
			shellPath = /bin/sh;
			shellScript = "\"${PODS_ROOT}/Target Support Files/Pods-forms/Pods-forms-frameworks.sh\"\n";
			showEnvVarsInLog = 0;
		};
		6D0500162DE827E90C9372D0 /* [CP] Check Pods Manifest.lock */ = {
			isa = PBXShellScriptBuildPhase;
			buildActionMask = 2147483647;
			files = (
			);
			inputFileListPaths = (
			);
			inputPaths = (
				"${PODS_PODFILE_DIR_PATH}/Podfile.lock",
				"${PODS_ROOT}/Manifest.lock",
			);
			name = "[CP] Check Pods Manifest.lock";
			outputFileListPaths = (
			);
			outputPaths = (
				"$(DERIVED_FILE_DIR)/Pods-forms-checkManifestLockResult.txt",
			);
			runOnlyForDeploymentPostprocessing = 0;
			shellPath = /bin/sh;
			shellScript = "diff \"${PODS_PODFILE_DIR_PATH}/Podfile.lock\" \"${PODS_ROOT}/Manifest.lock\" > /dev/null\nif [ $? != 0 ] ; then\n    # print error to STDERR\n    echo \"error: The sandbox is not in sync with the Podfile.lock. Run 'pod install' or update your CocoaPods installation.\" >&2\n    exit 1\nfi\n# This output is used by Xcode 'outputs' to avoid re-running this script phase.\necho \"SUCCESS\" > \"${SCRIPT_OUTPUT_FILE_0}\"\n";
			showEnvVarsInLog = 0;
		};
		DB23C99A2ED5747654875670 /* [CP] Check Pods Manifest.lock */ = {
			isa = PBXShellScriptBuildPhase;
			buildActionMask = 2147483647;
			files = (
			);
			inputFileListPaths = (
			);
			inputPaths = (
				"${PODS_PODFILE_DIR_PATH}/Podfile.lock",
				"${PODS_ROOT}/Manifest.lock",
			);
			name = "[CP] Check Pods Manifest.lock";
			outputFileListPaths = (
			);
			outputPaths = (
				"$(DERIVED_FILE_DIR)/Pods-forms-formsUITests-checkManifestLockResult.txt",
			);
			runOnlyForDeploymentPostprocessing = 0;
			shellPath = /bin/sh;
			shellScript = "diff \"${PODS_PODFILE_DIR_PATH}/Podfile.lock\" \"${PODS_ROOT}/Manifest.lock\" > /dev/null\nif [ $? != 0 ] ; then\n    # print error to STDERR\n    echo \"error: The sandbox is not in sync with the Podfile.lock. Run 'pod install' or update your CocoaPods installation.\" >&2\n    exit 1\nfi\n# This output is used by Xcode 'outputs' to avoid re-running this script phase.\necho \"SUCCESS\" > \"${SCRIPT_OUTPUT_FILE_0}\"\n";
			showEnvVarsInLog = 0;
		};
/* End PBXShellScriptBuildPhase section */

/* Begin PBXSourcesBuildPhase section */
		EAE7437B27830F8500BB58E4 /* Sources */ = {
			isa = PBXSourcesBuildPhase;
			buildActionMask = 2147483647;
			files = (
				EAE743C327831CD300BB58E4 /* SwitchRow.swift in Sources */,
				EAE743B727830FB100BB58E4 /* Section.swift in Sources */,
				EADAD9C1278D7730004633D6 /* ControllerRow.swift in Sources */,
				EA1D93CA2784633800786B8A /* SelectDictRow.swift in Sources */,
				EADAD9BF278D76F6004633D6 /* SecondViewController.swift in Sources */,
				EAE743C7278321DF00BB58E4 /* StepperRow.swift in Sources */,
				EAE7438727830F8500BB58E4 /* ViewController.swift in Sources */,
				EACEC523278597C600B1FF01 /* SelectEnumRow.swift in Sources */,
				EAE743C527831DDF00BB58E4 /* CheckmarkSelectRow.swift in Sources */,
				BBE99DBC278348FA00726E21 /* TextAreaRow.swift in Sources */,
				EAE7438327830F8500BB58E4 /* AppDelegate.swift in Sources */,
				EAE743C1278315DD00BB58E4 /* FormAppearance.swift in Sources */,
				EAE743B427830F9700BB58E4 /* FormViewController.swift in Sources */,
				EAE743BC2783111200BB58E4 /* TextRow.swift in Sources */,
				BBE99DBA278345CA00726E21 /* SelectController.swift in Sources */,
				EAE743BF2783123000BB58E4 /* FormCell.swift in Sources */,
				EAD43CF8278ED06D009C5E06 /* NumberRow.swift in Sources */,
				BBE99DBE278355D200726E21 /* InfoRow.swift in Sources */,
				EAE743B927830FB600BB58E4 /* Row.swift in Sources */,
				EAD43CFA279018DF009C5E06 /* InnerSectionsRow.swift in Sources */,
				BBE99DB72783447700726E21 /* SelectRow.swift in Sources */,
				EAE7438527830F8500BB58E4 /* SceneDelegate.swift in Sources */,
			);
			runOnlyForDeploymentPostprocessing = 0;
		};
		EAE7439127830F8600BB58E4 /* Sources */ = {
			isa = PBXSourcesBuildPhase;
			buildActionMask = 2147483647;
			files = (
				EAE7439A27830F8600BB58E4 /* formsTests.swift in Sources */,
			);
			runOnlyForDeploymentPostprocessing = 0;
		};
		EAE7439B27830F8600BB58E4 /* Sources */ = {
			isa = PBXSourcesBuildPhase;
			buildActionMask = 2147483647;
			files = (
				EAE743A627830F8600BB58E4 /* formsUITestsLaunchTests.swift in Sources */,
				EAE743A427830F8600BB58E4 /* formsUITests.swift in Sources */,
			);
			runOnlyForDeploymentPostprocessing = 0;
		};
/* End PBXSourcesBuildPhase section */

/* Begin PBXTargetDependency section */
		EAE7439727830F8600BB58E4 /* PBXTargetDependency */ = {
			isa = PBXTargetDependency;
			target = EAE7437E27830F8500BB58E4 /* forms */;
			targetProxy = EAE7439627830F8600BB58E4 /* PBXContainerItemProxy */;
		};
		EAE743A127830F8600BB58E4 /* PBXTargetDependency */ = {
			isa = PBXTargetDependency;
			target = EAE7437E27830F8500BB58E4 /* forms */;
			targetProxy = EAE743A027830F8600BB58E4 /* PBXContainerItemProxy */;
		};
/* End PBXTargetDependency section */

/* Begin PBXVariantGroup section */
		EAE7438827830F8500BB58E4 /* Main.storyboard */ = {
			isa = PBXVariantGroup;
			children = (
				EAE7438927830F8500BB58E4 /* Base */,
			);
			name = Main.storyboard;
			sourceTree = "<group>";
		};
		EAE7438D27830F8600BB58E4 /* LaunchScreen.storyboard */ = {
			isa = PBXVariantGroup;
			children = (
				EAE7438E27830F8600BB58E4 /* Base */,
			);
			name = LaunchScreen.storyboard;
			sourceTree = "<group>";
		};
/* End PBXVariantGroup section */

/* Begin XCBuildConfiguration section */
		EAE743A727830F8600BB58E4 /* Debug */ = {
			isa = XCBuildConfiguration;
			buildSettings = {
				ALWAYS_SEARCH_USER_PATHS = NO;
				CLANG_ANALYZER_NONNULL = YES;
				CLANG_ANALYZER_NUMBER_OBJECT_CONVERSION = YES_AGGRESSIVE;
				CLANG_CXX_LANGUAGE_STANDARD = "gnu++17";
				CLANG_CXX_LIBRARY = "libc++";
				CLANG_ENABLE_MODULES = YES;
				CLANG_ENABLE_OBJC_ARC = YES;
				CLANG_ENABLE_OBJC_WEAK = YES;
				CLANG_WARN_BLOCK_CAPTURE_AUTORELEASING = YES;
				CLANG_WARN_BOOL_CONVERSION = YES;
				CLANG_WARN_COMMA = YES;
				CLANG_WARN_CONSTANT_CONVERSION = YES;
				CLANG_WARN_DEPRECATED_OBJC_IMPLEMENTATIONS = YES;
				CLANG_WARN_DIRECT_OBJC_ISA_USAGE = YES_ERROR;
				CLANG_WARN_DOCUMENTATION_COMMENTS = YES;
				CLANG_WARN_EMPTY_BODY = YES;
				CLANG_WARN_ENUM_CONVERSION = YES;
				CLANG_WARN_INFINITE_RECURSION = YES;
				CLANG_WARN_INT_CONVERSION = YES;
				CLANG_WARN_NON_LITERAL_NULL_CONVERSION = YES;
				CLANG_WARN_OBJC_IMPLICIT_RETAIN_SELF = YES;
				CLANG_WARN_OBJC_LITERAL_CONVERSION = YES;
				CLANG_WARN_OBJC_ROOT_CLASS = YES_ERROR;
				CLANG_WARN_QUOTED_INCLUDE_IN_FRAMEWORK_HEADER = YES;
				CLANG_WARN_RANGE_LOOP_ANALYSIS = YES;
				CLANG_WARN_STRICT_PROTOTYPES = YES;
				CLANG_WARN_SUSPICIOUS_MOVE = YES;
				CLANG_WARN_UNGUARDED_AVAILABILITY = YES_AGGRESSIVE;
				CLANG_WARN_UNREACHABLE_CODE = YES;
				CLANG_WARN__DUPLICATE_METHOD_MATCH = YES;
				COPY_PHASE_STRIP = NO;
				DEBUG_INFORMATION_FORMAT = dwarf;
				ENABLE_STRICT_OBJC_MSGSEND = YES;
				ENABLE_TESTABILITY = YES;
				GCC_C_LANGUAGE_STANDARD = gnu11;
				GCC_DYNAMIC_NO_PIC = NO;
				GCC_NO_COMMON_BLOCKS = YES;
				GCC_OPTIMIZATION_LEVEL = 0;
				GCC_PREPROCESSOR_DEFINITIONS = (
					"DEBUG=1",
					"$(inherited)",
				);
				GCC_WARN_64_TO_32_BIT_CONVERSION = YES;
				GCC_WARN_ABOUT_RETURN_TYPE = YES_ERROR;
				GCC_WARN_UNDECLARED_SELECTOR = YES;
				GCC_WARN_UNINITIALIZED_AUTOS = YES_AGGRESSIVE;
				GCC_WARN_UNUSED_FUNCTION = YES;
				GCC_WARN_UNUSED_VARIABLE = YES;
				IPHONEOS_DEPLOYMENT_TARGET = 15.2;
				MTL_ENABLE_DEBUG_INFO = INCLUDE_SOURCE;
				MTL_FAST_MATH = YES;
				ONLY_ACTIVE_ARCH = YES;
				SDKROOT = iphoneos;
				SWIFT_ACTIVE_COMPILATION_CONDITIONS = DEBUG;
				SWIFT_OPTIMIZATION_LEVEL = "-Onone";
			};
			name = Debug;
		};
		EAE743A827830F8600BB58E4 /* Release */ = {
			isa = XCBuildConfiguration;
			buildSettings = {
				ALWAYS_SEARCH_USER_PATHS = NO;
				CLANG_ANALYZER_NONNULL = YES;
				CLANG_ANALYZER_NUMBER_OBJECT_CONVERSION = YES_AGGRESSIVE;
				CLANG_CXX_LANGUAGE_STANDARD = "gnu++17";
				CLANG_CXX_LIBRARY = "libc++";
				CLANG_ENABLE_MODULES = YES;
				CLANG_ENABLE_OBJC_ARC = YES;
				CLANG_ENABLE_OBJC_WEAK = YES;
				CLANG_WARN_BLOCK_CAPTURE_AUTORELEASING = YES;
				CLANG_WARN_BOOL_CONVERSION = YES;
				CLANG_WARN_COMMA = YES;
				CLANG_WARN_CONSTANT_CONVERSION = YES;
				CLANG_WARN_DEPRECATED_OBJC_IMPLEMENTATIONS = YES;
				CLANG_WARN_DIRECT_OBJC_ISA_USAGE = YES_ERROR;
				CLANG_WARN_DOCUMENTATION_COMMENTS = YES;
				CLANG_WARN_EMPTY_BODY = YES;
				CLANG_WARN_ENUM_CONVERSION = YES;
				CLANG_WARN_INFINITE_RECURSION = YES;
				CLANG_WARN_INT_CONVERSION = YES;
				CLANG_WARN_NON_LITERAL_NULL_CONVERSION = YES;
				CLANG_WARN_OBJC_IMPLICIT_RETAIN_SELF = YES;
				CLANG_WARN_OBJC_LITERAL_CONVERSION = YES;
				CLANG_WARN_OBJC_ROOT_CLASS = YES_ERROR;
				CLANG_WARN_QUOTED_INCLUDE_IN_FRAMEWORK_HEADER = YES;
				CLANG_WARN_RANGE_LOOP_ANALYSIS = YES;
				CLANG_WARN_STRICT_PROTOTYPES = YES;
				CLANG_WARN_SUSPICIOUS_MOVE = YES;
				CLANG_WARN_UNGUARDED_AVAILABILITY = YES_AGGRESSIVE;
				CLANG_WARN_UNREACHABLE_CODE = YES;
				CLANG_WARN__DUPLICATE_METHOD_MATCH = YES;
				COPY_PHASE_STRIP = NO;
				DEBUG_INFORMATION_FORMAT = "dwarf-with-dsym";
				ENABLE_NS_ASSERTIONS = NO;
				ENABLE_STRICT_OBJC_MSGSEND = YES;
				GCC_C_LANGUAGE_STANDARD = gnu11;
				GCC_NO_COMMON_BLOCKS = YES;
				GCC_WARN_64_TO_32_BIT_CONVERSION = YES;
				GCC_WARN_ABOUT_RETURN_TYPE = YES_ERROR;
				GCC_WARN_UNDECLARED_SELECTOR = YES;
				GCC_WARN_UNINITIALIZED_AUTOS = YES_AGGRESSIVE;
				GCC_WARN_UNUSED_FUNCTION = YES;
				GCC_WARN_UNUSED_VARIABLE = YES;
				IPHONEOS_DEPLOYMENT_TARGET = 15.2;
				MTL_ENABLE_DEBUG_INFO = NO;
				MTL_FAST_MATH = YES;
				SDKROOT = iphoneos;
				SWIFT_COMPILATION_MODE = wholemodule;
				SWIFT_OPTIMIZATION_LEVEL = "-O";
				VALIDATE_PRODUCT = YES;
			};
			name = Release;
		};
		EAE743AA27830F8600BB58E4 /* Debug */ = {
			isa = XCBuildConfiguration;
			baseConfigurationReference = B26C15F64F46F14BF58F6ACC /* Pods-forms.debug.xcconfig */;
			buildSettings = {
				ASSETCATALOG_COMPILER_APPICON_NAME = AppIcon;
				ASSETCATALOG_COMPILER_GLOBAL_ACCENT_COLOR_NAME = AccentColor;
				CODE_SIGN_STYLE = Automatic;
				CURRENT_PROJECT_VERSION = 1;
				DEVELOPMENT_TEAM = F2VSE3YKKD;
				GENERATE_INFOPLIST_FILE = YES;
				INFOPLIST_FILE = forms/Info.plist;
				INFOPLIST_KEY_UIApplicationSupportsIndirectInputEvents = YES;
				INFOPLIST_KEY_UILaunchStoryboardName = LaunchScreen;
				INFOPLIST_KEY_UIMainStoryboardFile = Main;
				INFOPLIST_KEY_UISupportedInterfaceOrientations_iPad = "UIInterfaceOrientationPortrait UIInterfaceOrientationPortraitUpsideDown UIInterfaceOrientationLandscapeLeft UIInterfaceOrientationLandscapeRight";
				INFOPLIST_KEY_UISupportedInterfaceOrientations_iPhone = "UIInterfaceOrientationPortrait UIInterfaceOrientationLandscapeLeft UIInterfaceOrientationLandscapeRight";
				LD_RUNPATH_SEARCH_PATHS = (
					"$(inherited)",
					"@executable_path/Frameworks",
				);
				MARKETING_VERSION = 1.0;
				PRODUCT_BUNDLE_IDENTIFIER = works.revo.forms;
				PRODUCT_NAME = "$(TARGET_NAME)";
				SWIFT_EMIT_LOC_STRINGS = YES;
				SWIFT_VERSION = 5.0;
				TARGETED_DEVICE_FAMILY = "1,2";
			};
			name = Debug;
		};
		EAE743AB27830F8600BB58E4 /* Release */ = {
			isa = XCBuildConfiguration;
			baseConfigurationReference = 7D509D32E4C4F5003CE8A492 /* Pods-forms.release.xcconfig */;
			buildSettings = {
				ASSETCATALOG_COMPILER_APPICON_NAME = AppIcon;
				ASSETCATALOG_COMPILER_GLOBAL_ACCENT_COLOR_NAME = AccentColor;
				CODE_SIGN_STYLE = Automatic;
				CURRENT_PROJECT_VERSION = 1;
				DEVELOPMENT_TEAM = F2VSE3YKKD;
				GENERATE_INFOPLIST_FILE = YES;
				INFOPLIST_FILE = forms/Info.plist;
				INFOPLIST_KEY_UIApplicationSupportsIndirectInputEvents = YES;
				INFOPLIST_KEY_UILaunchStoryboardName = LaunchScreen;
				INFOPLIST_KEY_UIMainStoryboardFile = Main;
				INFOPLIST_KEY_UISupportedInterfaceOrientations_iPad = "UIInterfaceOrientationPortrait UIInterfaceOrientationPortraitUpsideDown UIInterfaceOrientationLandscapeLeft UIInterfaceOrientationLandscapeRight";
				INFOPLIST_KEY_UISupportedInterfaceOrientations_iPhone = "UIInterfaceOrientationPortrait UIInterfaceOrientationLandscapeLeft UIInterfaceOrientationLandscapeRight";
				LD_RUNPATH_SEARCH_PATHS = (
					"$(inherited)",
					"@executable_path/Frameworks",
				);
				MARKETING_VERSION = 1.0;
				PRODUCT_BUNDLE_IDENTIFIER = works.revo.forms;
				PRODUCT_NAME = "$(TARGET_NAME)";
				SWIFT_EMIT_LOC_STRINGS = YES;
				SWIFT_VERSION = 5.0;
				TARGETED_DEVICE_FAMILY = "1,2";
			};
			name = Release;
		};
		EAE743AD27830F8600BB58E4 /* Debug */ = {
			isa = XCBuildConfiguration;
			baseConfigurationReference = 43767411489E64CB079B88CD /* Pods-formsTests.debug.xcconfig */;
			buildSettings = {
				ALWAYS_EMBED_SWIFT_STANDARD_LIBRARIES = YES;
				BUNDLE_LOADER = "$(TEST_HOST)";
				CODE_SIGN_STYLE = Automatic;
				CURRENT_PROJECT_VERSION = 1;
				DEVELOPMENT_TEAM = F2VSE3YKKD;
				GENERATE_INFOPLIST_FILE = YES;
				IPHONEOS_DEPLOYMENT_TARGET = 15.2;
				MARKETING_VERSION = 1.0;
				PRODUCT_BUNDLE_IDENTIFIER = works.revo.formsTests;
				PRODUCT_NAME = "$(TARGET_NAME)";
				SWIFT_EMIT_LOC_STRINGS = NO;
				SWIFT_VERSION = 5.0;
				TARGETED_DEVICE_FAMILY = "1,2";
				TEST_HOST = "$(BUILT_PRODUCTS_DIR)/forms.app/forms";
			};
			name = Debug;
		};
		EAE743AE27830F8600BB58E4 /* Release */ = {
			isa = XCBuildConfiguration;
			baseConfigurationReference = E4E1965B3D51FA88F7C26602 /* Pods-formsTests.release.xcconfig */;
			buildSettings = {
				ALWAYS_EMBED_SWIFT_STANDARD_LIBRARIES = YES;
				BUNDLE_LOADER = "$(TEST_HOST)";
				CODE_SIGN_STYLE = Automatic;
				CURRENT_PROJECT_VERSION = 1;
				DEVELOPMENT_TEAM = F2VSE3YKKD;
				GENERATE_INFOPLIST_FILE = YES;
				IPHONEOS_DEPLOYMENT_TARGET = 15.2;
				MARKETING_VERSION = 1.0;
				PRODUCT_BUNDLE_IDENTIFIER = works.revo.formsTests;
				PRODUCT_NAME = "$(TARGET_NAME)";
				SWIFT_EMIT_LOC_STRINGS = NO;
				SWIFT_VERSION = 5.0;
				TARGETED_DEVICE_FAMILY = "1,2";
				TEST_HOST = "$(BUILT_PRODUCTS_DIR)/forms.app/forms";
			};
			name = Release;
		};
		EAE743B027830F8600BB58E4 /* Debug */ = {
			isa = XCBuildConfiguration;
			baseConfigurationReference = AA101E0D3F80F723F8607E1C /* Pods-forms-formsUITests.debug.xcconfig */;
			buildSettings = {
				ALWAYS_EMBED_SWIFT_STANDARD_LIBRARIES = YES;
				CODE_SIGN_STYLE = Automatic;
				CURRENT_PROJECT_VERSION = 1;
				DEVELOPMENT_TEAM = F2VSE3YKKD;
				GENERATE_INFOPLIST_FILE = YES;
				MARKETING_VERSION = 1.0;
				PRODUCT_BUNDLE_IDENTIFIER = works.revo.formsUITests;
				PRODUCT_NAME = "$(TARGET_NAME)";
				SWIFT_EMIT_LOC_STRINGS = NO;
				SWIFT_VERSION = 5.0;
				TARGETED_DEVICE_FAMILY = "1,2";
				TEST_TARGET_NAME = forms;
			};
			name = Debug;
		};
		EAE743B127830F8600BB58E4 /* Release */ = {
			isa = XCBuildConfiguration;
			baseConfigurationReference = AECE4FD8412D0163A35C42F5 /* Pods-forms-formsUITests.release.xcconfig */;
			buildSettings = {
				ALWAYS_EMBED_SWIFT_STANDARD_LIBRARIES = YES;
				CODE_SIGN_STYLE = Automatic;
				CURRENT_PROJECT_VERSION = 1;
				DEVELOPMENT_TEAM = F2VSE3YKKD;
				GENERATE_INFOPLIST_FILE = YES;
				MARKETING_VERSION = 1.0;
				PRODUCT_BUNDLE_IDENTIFIER = works.revo.formsUITests;
				PRODUCT_NAME = "$(TARGET_NAME)";
				SWIFT_EMIT_LOC_STRINGS = NO;
				SWIFT_VERSION = 5.0;
				TARGETED_DEVICE_FAMILY = "1,2";
				TEST_TARGET_NAME = forms;
			};
			name = Release;
		};
/* End XCBuildConfiguration section */

/* Begin XCConfigurationList section */
		EAE7437A27830F8500BB58E4 /* Build configuration list for PBXProject "forms" */ = {
			isa = XCConfigurationList;
			buildConfigurations = (
				EAE743A727830F8600BB58E4 /* Debug */,
				EAE743A827830F8600BB58E4 /* Release */,
			);
			defaultConfigurationIsVisible = 0;
			defaultConfigurationName = Release;
		};
		EAE743A927830F8600BB58E4 /* Build configuration list for PBXNativeTarget "forms" */ = {
			isa = XCConfigurationList;
			buildConfigurations = (
				EAE743AA27830F8600BB58E4 /* Debug */,
				EAE743AB27830F8600BB58E4 /* Release */,
			);
			defaultConfigurationIsVisible = 0;
			defaultConfigurationName = Release;
		};
		EAE743AC27830F8600BB58E4 /* Build configuration list for PBXNativeTarget "formsTests" */ = {
			isa = XCConfigurationList;
			buildConfigurations = (
				EAE743AD27830F8600BB58E4 /* Debug */,
				EAE743AE27830F8600BB58E4 /* Release */,
			);
			defaultConfigurationIsVisible = 0;
			defaultConfigurationName = Release;
		};
		EAE743AF27830F8600BB58E4 /* Build configuration list for PBXNativeTarget "formsUITests" */ = {
			isa = XCConfigurationList;
			buildConfigurations = (
				EAE743B027830F8600BB58E4 /* Debug */,
				EAE743B127830F8600BB58E4 /* Release */,
			);
			defaultConfigurationIsVisible = 0;
			defaultConfigurationName = Release;
		};
/* End XCConfigurationList section */
	};
	rootObject = EAE7437727830F8500BB58E4 /* Project object */;
}
